
Microsoft Visual Studio Solution File, Format Version 12.00
# Visual Studio 15
VisualStudioVersion = 15.0.28307.757
MinimumVisualStudioVersion = 10.0.40219.1
Project("{2150E333-8FDC-42A3-9474-1A3956D46DE8}") = "Application", "Application", "{C796BD2C-0A03-4D7E-BD8C-64A318EFD06D}"
EndProject
Project("{2150E333-8FDC-42A3-9474-1A3956D46DE8}") = "Domain", "Domain", "{5F7A134E-C6C1-4B07-9A25-ABE9170E02BB}"
EndProject
Project("{2150E333-8FDC-42A3-9474-1A3956D46DE8}") = "Infra.Data", "Infra.Data", "{FBE704F4-4254-4B66-BF6E-C904C215478E}"
EndProject
Project("{2150E333-8FDC-42A3-9474-1A3956D46DE8}") = "Infra.IoC", "Infra.IoC", "{D897DA7D-B844-42C3-A287-549C79E8DF2F}"
EndProject
Project("{9A19103F-16F7-4668-BE54-9A1E7A4F7556}") = "CleanArch.Domain", "CleanArch.Domain\CleanArch.Domain.csproj", "{2C2A6D56-C1C3-49E8-A3A4-C5F5E78015DF}"
EndProject
Project("{9A19103F-16F7-4668-BE54-9A1E7A4F7556}") = "CleanArch.Infra.Data", "CleanArch.Infra.Data\CleanArch.Infra.Data.csproj", "{35751CFA-281A-4954-A491-63D7CF247B0B}"
EndProject
Project("{2150E333-8FDC-42A3-9474-1A3956D46DE8}") = "Presentaion", "Presentaion", "{635759BE-AA68-4D89-AD2A-57B8E5F1E813}"
EndProject
Project("{9A19103F-16F7-4668-BE54-9A1E7A4F7556}") = "CleanArch.Mvc", "CleanArch.Mvc\CleanArch.Mvc.csproj", "{E9093944-5CEF-4246-A8A0-967319BFFF3F}"
EndProject
Project("{9A19103F-16F7-4668-BE54-9A1E7A4F7556}") = "CleanArch.Application", "CleanArch.Application\CleanArch.Application.csproj", "{97BEC053-7E45-4981-A8FE-8BAABFB60AFD}"
EndProject
Project("{9A19103F-16F7-4668-BE54-9A1E7A4F7556}") = "CleanArch.Infra.IoC", "CleanArch.Infra.IoC\CleanArch.Infra.IoC.csproj", "{966F9896-37FC-4221-BC6A-1F79B06628FF}"
EndProject
Project("{2150E333-8FDC-42A3-9474-1A3956D46DE8}") = "Infra.Bus", "Infra.Bus", "{4171A936-D706-4AF8-AAF7-5744C5855E8B}"
EndProject
Project("{2150E333-8FDC-42A3-9474-1A3956D46DE8}") = "Api", "Api", "{81885991-99D2-417F-B942-9813FF5A55ED}"
EndProject
Project("{FAE04EC0-301F-11D3-BF4B-00C04F79EFBC}") = "CleanArch.Infra.Bus", "CleanArch.Infra.Bus\CleanArch.Infra.Bus.csproj", "{19E74F75-F3FB-4494-B110-562244B1E737}"
EndProject
Project("{FAE04EC0-301F-11D3-BF4B-00C04F79EFBC}") = "CleanArch.Domain.Core", "CleanArch.Domain.Core\CleanArch.Domain.Core.csproj", "{904ED634-7DCB-4D80-9831-FBF8C4116E83}"
EndProject
Project("{FAE04EC0-301F-11D3-BF4B-00C04F79EFBC}") = "CleanArch.Api", "CleanArch.Api\CleanArch.Api.csproj", "{EF8B273E-63B5-4EB8-912C-19E4CB38ECCD}"
EndProject
Global
	GlobalSection(SolutionConfigurationPlatforms) = preSolution
		Debug|Any CPU = Debug|Any CPU
		Release|Any CPU = Release|Any CPU
	EndGlobalSection
	GlobalSection(ProjectConfigurationPlatforms) = postSolution
		{2C2A6D56-C1C3-49E8-A3A4-C5F5E78015DF}.Debug|Any CPU.ActiveCfg = Debug|Any CPU
		{2C2A6D56-C1C3-49E8-A3A4-C5F5E78015DF}.Debug|Any CPU.Build.0 = Debug|Any CPU
		{2C2A6D56-C1C3-49E8-A3A4-C5F5E78015DF}.Release|Any CPU.ActiveCfg = Release|Any CPU
		{2C2A6D56-C1C3-49E8-A3A4-C5F5E78015DF}.Release|Any CPU.Build.0 = Release|Any CPU
		{35751CFA-281A-4954-A491-63D7CF247B0B}.Debug|Any CPU.ActiveCfg = Debug|Any CPU
		{35751CFA-281A-4954-A491-63D7CF247B0B}.Debug|Any CPU.Build.0 = Debug|Any CPU
		{35751CFA-281A-4954-A491-63D7CF247B0B}.Release|Any CPU.ActiveCfg = Release|Any CPU
		{35751CFA-281A-4954-A491-63D7CF247B0B}.Release|Any CPU.Build.0 = Release|Any CPU
		{E9093944-5CEF-4246-A8A0-967319BFFF3F}.Debug|Any CPU.ActiveCfg = Debug|Any CPU
		{E9093944-5CEF-4246-A8A0-967319BFFF3F}.Debug|Any CPU.Build.0 = Debug|Any CPU
		{E9093944-5CEF-4246-A8A0-967319BFFF3F}.Release|Any CPU.ActiveCfg = Release|Any CPU
		{E9093944-5CEF-4246-A8A0-967319BFFF3F}.Release|Any CPU.Build.0 = Release|Any CPU
		{97BEC053-7E45-4981-A8FE-8BAABFB60AFD}.Debug|Any CPU.ActiveCfg = Debug|Any CPU
		{97BEC053-7E45-4981-A8FE-8BAABFB60AFD}.Debug|Any CPU.Build.0 = Debug|Any CPU
		{97BEC053-7E45-4981-A8FE-8BAABFB60AFD}.Release|Any CPU.ActiveCfg = Release|Any CPU
		{97BEC053-7E45-4981-A8FE-8BAABFB60AFD}.Release|Any CPU.Build.0 = Release|Any CPU
		{966F9896-37FC-4221-BC6A-1F79B06628FF}.Debug|Any CPU.ActiveCfg = Debug|Any CPU
		{966F9896-37FC-4221-BC6A-1F79B06628FF}.Debug|Any CPU.Build.0 = Debug|Any CPU
		{966F9896-37FC-4221-BC6A-1F79B06628FF}.Release|Any CPU.ActiveCfg = Release|Any CPU
		{966F9896-37FC-4221-BC6A-1F79B06628FF}.Release|Any CPU.Build.0 = Release|Any CPU
		{19E74F75-F3FB-4494-B110-562244B1E737}.Debug|Any CPU.ActiveCfg = Debug|Any CPU
		{19E74F75-F3FB-4494-B110-562244B1E737}.Debug|Any CPU.Build.0 = Debug|Any CPU
		{19E74F75-F3FB-4494-B110-562244B1E737}.Release|Any CPU.ActiveCfg = Release|Any CPU
		{19E74F75-F3FB-4494-B110-562244B1E737}.Release|Any CPU.Build.0 = Release|Any CPU
		{904ED634-7DCB-4D80-9831-FBF8C4116E83}.Debug|Any CPU.ActiveCfg = Debug|Any CPU
		{904ED634-7DCB-4D80-9831-FBF8C4116E83}.Debug|Any CPU.Build.0 = Debug|Any CPU
		{904ED634-7DCB-4D80-9831-FBF8C4116E83}.Release|Any CPU.ActiveCfg = Release|Any CPU
		{904ED634-7DCB-4D80-9831-FBF8C4116E83}.Release|Any CPU.Build.0 = Release|Any CPU
		{EF8B273E-63B5-4EB8-912C-19E4CB38ECCD}.Debug|Any CPU.ActiveCfg = Debug|Any CPU
		{EF8B273E-63B5-4EB8-912C-19E4CB38ECCD}.Debug|Any CPU.Build.0 = Debug|Any CPU
		{EF8B273E-63B5-4EB8-912C-19E4CB38ECCD}.Release|Any CPU.ActiveCfg = Release|Any CPU
		{EF8B273E-63B5-4EB8-912C-19E4CB38ECCD}.Release|Any CPU.Build.0 = Release|Any CPU
	EndGlobalSection
	GlobalSection(SolutionProperties) = preSolution
		HideSolutionNode = FALSE
	EndGlobalSection
	GlobalSection(NestedProjects) = preSolution
		{2C2A6D56-C1C3-49E8-A3A4-C5F5E78015DF} = {5F7A134E-C6C1-4B07-9A25-ABE9170E02BB}
		{35751CFA-281A-4954-A491-63D7CF247B0B} = {FBE704F4-4254-4B66-BF6E-C904C215478E}
		{E9093944-5CEF-4246-A8A0-967319BFFF3F} = {635759BE-AA68-4D89-AD2A-57B8E5F1E813}
		{97BEC053-7E45-4981-A8FE-8BAABFB60AFD} = {C796BD2C-0A03-4D7E-BD8C-64A318EFD06D}
		{966F9896-37FC-4221-BC6A-1F79B06628FF} = {D897DA7D-B844-42C3-A287-549C79E8DF2F}
		{19E74F75-F3FB-4494-B110-562244B1E737} = {4171A936-D706-4AF8-AAF7-5744C5855E8B}
		{904ED634-7DCB-4D80-9831-FBF8C4116E83} = {5F7A134E-C6C1-4B07-9A25-ABE9170E02BB}
		{EF8B273E-63B5-4EB8-912C-19E4CB38ECCD} = {81885991-99D2-417F-B942-9813FF5A55ED}
	EndGlobalSection
	GlobalSection(ExtensibilityGlobals) = postSolution
		SolutionGuid = {CD253864-1641-4234-8078-B275DFCB86CC}
	EndGlobalSection
EndGlobal
