
Microsoft Visual Studio Solution File, Format Version 12.00
# Visual Studio 15
VisualStudioVersion = 15.0.28307.757
MinimumVisualStudioVersion = 10.0.40219.1
Project("{2150E333-8FDC-42A3-9474-1A3956D46DE8}") = "CleanArch.Application", "CleanArch.Application", "{C796BD2C-0A03-4D7E-BD8C-64A318EFD06D}"
EndProject
Project("{2150E333-8FDC-42A3-9474-1A3956D46DE8}") = "CleanArch.Domain", "CleanArch.Domain", "{5F7A134E-C6C1-4B07-9A25-ABE9170E02BB}"
EndProject
Project("{2150E333-8FDC-42A3-9474-1A3956D46DE8}") = "CleanArch.Infra.Data", "CleanArch.Infra.Data", "{FBE704F4-4254-4B66-BF6E-C904C215478E}"
EndProject
Project("{2150E333-8FDC-42A3-9474-1A3956D46DE8}") = "CleanArch.Infra.IoC", "CleanArch.Infra.IoC", "{D897DA7D-B844-42C3-A287-549C79E8DF2F}"
EndProject
Project("{2150E333-8FDC-42A3-9474-1A3956D46DE8}") = "CleanArch.UI.Mvc", "CleanArch.UI.Mvc", "{6E29093C-70E2-4E99-9F5B-129F20D68583}"
EndProject
Project("{FAE04EC0-301F-11D3-BF4B-00C04F79EFBC}") = "CleanArch.Mvc", "CleanArch.Mvc\CleanArch.Mvc.csproj", "{D3FCE63C-87F0-4EAC-BB74-7097A396B2B9}"
EndProject
Global
	GlobalSection(SolutionConfigurationPlatforms) = preSolution
		Debug|Any CPU = Debug|Any CPU
		Release|Any CPU = Release|Any CPU
	EndGlobalSection
	GlobalSection(ProjectConfigurationPlatforms) = postSolution
		{D3FCE63C-87F0-4EAC-BB74-7097A396B2B9}.Debug|Any CPU.ActiveCfg = Debug|Any CPU
		{D3FCE63C-87F0-4EAC-BB74-7097A396B2B9}.Debug|Any CPU.Build.0 = Debug|Any CPU
		{D3FCE63C-87F0-4EAC-BB74-7097A396B2B9}.Release|Any CPU.ActiveCfg = Release|Any CPU
		{D3FCE63C-87F0-4EAC-BB74-7097A396B2B9}.Release|Any CPU.Build.0 = Release|Any CPU
	EndGlobalSection
	GlobalSection(SolutionProperties) = preSolution
		HideSolutionNode = FALSE
	EndGlobalSection
	GlobalSection(NestedProjects) = preSolution
		{D3FCE63C-87F0-4EAC-BB74-7097A396B2B9} = {6E29093C-70E2-4E99-9F5B-129F20D68583}
	EndGlobalSection
	GlobalSection(ExtensibilityGlobals) = postSolution
		SolutionGuid = {CD253864-1641-4234-8078-B275DFCB86CC}
	EndGlobalSection
EndGlobal
